
Microsoft Visual Studio Solution File, Format Version 12.00
# Visual Studio 15
VisualStudioVersion = 15.0.27428.1
MinimumVisualStudioVersion = 10.0.40219.1
Project("{9A19103F-16F7-4668-BE54-9A1E7A4F7556}") = "WinpowerNutanuxShutdown", "WinpowerNutanuxShutdown\WinpowerNutanuxShutdown.csproj", "{AD0D343A-68F5-46F2-A01D-D34D776C944B}"
EndProject
Project("{2150E333-8FDC-42A3-9474-1A3956D46DE8}") = "Solution Items", "Solution Items", "{E45B4D13-25B3-4E8C-B26F-CDAE6B751633}"
	ProjectSection(SolutionItems) = preProject
		build-win10-64.bat = build-win10-64.bat
		README.md = README.md
	EndProjectSection
EndProject
Global
	GlobalSection(SolutionConfigurationPlatforms) = preSolution
		Debug|Any CPU = Debug|Any CPU
		Release|Any CPU = Release|Any CPU
	EndGlobalSection
	GlobalSection(ProjectConfigurationPlatforms) = postSolution
		{AD0D343A-68F5-46F2-A01D-D34D776C944B}.Debug|Any CPU.ActiveCfg = Debug|Any CPU
		{AD0D343A-68F5-46F2-A01D-D34D776C944B}.Debug|Any CPU.Build.0 = Debug|Any CPU
		{AD0D343A-68F5-46F2-A01D-D34D776C944B}.Release|Any CPU.ActiveCfg = Release|Any CPU
		{AD0D343A-68F5-46F2-A01D-D34D776C944B}.Release|Any CPU.Build.0 = Release|Any CPU
	EndGlobalSection
	GlobalSection(SolutionProperties) = preSolution
		HideSolutionNode = FALSE
	EndGlobalSection
	GlobalSection(ExtensibilityGlobals) = postSolution
		SolutionGuid = {7D25C561-38A7-4E8D-BC27-AC8CEF9EE069}
	EndGlobalSection
EndGlobal
